
Microsoft Visual Studio Solution File, Format Version 12.00
# Visual Studio Version 17
VisualStudioVersion = 17.4.33213.308
MinimumVisualStudioVersion = 10.0.40219.1
Project("{FAE04EC0-301F-11D3-BF4B-00C04F79EFBC}") = "HboMax2.0", "HboMax2.0.csproj", "{962E78AF-0564-4727-9C76-F1A6352859FD}"
EndProject
Global
	GlobalSection(SolutionConfigurationPlatforms) = preSolution
		Debug|Any CPU = Debug|Any CPU
		Release|Any CPU = Release|Any CPU
	EndGlobalSection
	GlobalSection(ProjectConfigurationPlatforms) = postSolution
		{962E78AF-0564-4727-9C76-F1A6352859FD}.Debug|Any CPU.ActiveCfg = Debug|Any CPU
		{962E78AF-0564-4727-9C76-F1A6352859FD}.Debug|Any CPU.Build.0 = Debug|Any CPU
		{962E78AF-0564-4727-9C76-F1A6352859FD}.Release|Any CPU.ActiveCfg = Release|Any CPU
		{962E78AF-0564-4727-9C76-F1A6352859FD}.Release|Any CPU.Build.0 = Release|Any CPU
	EndGlobalSection
	GlobalSection(SolutionProperties) = preSolution
		HideSolutionNode = FALSE
	EndGlobalSection
	GlobalSection(ExtensibilityGlobals) = postSolution
		SolutionGuid = {916A4C85-B444-4720-BEA7-520C8E4073C9}
	EndGlobalSection
EndGlobal
